<?xml version="1.0" encoding="utf-8"?>
<Project ToolsVersion="4.0" xmlns="http://schemas.microsoft.com/developer/msbuild/2003">
  <ItemGroup>
    <Filter Include="source">
      <UniqueIdentifier>{bf143262-e352-49ef-8007-84c67bfd6eee}</UniqueIdentifier>
      <Extensions>cpp;c;cxx;def;odl;idl;hpj;bat;asm</Extensions>
    </Filter>
    <Filter Include="include">
      <UniqueIdentifier>{7481d7c4-92a0-4e44-8cb0-8c2042d9c3cb}</UniqueIdentifier>
      <Extensions>h;hpp;hxx;hm;inl;inc</Extensions>
    </Filter>
    <Filter Include="resource">
      <UniqueIdentifier>{0e1b7907-64a6-44ed-acfe-cd3d137d8b95}</UniqueIdentifier>
      <Extensions>rc;ico;cur;bmp;dlg;rc2;rct;bin;rgs;jpg;jpeg;jpe;png;manifest</Extensions>
    </Filter>
    <Filter Include="source\LuaInterface">
      <UniqueIdentifier>{c3b31a7a-87a2-47f4-add6-55d778bab27f}</UniqueIdentifier>
    </Filter>
  </ItemGroup>
  <ItemGroup>
    <None Include="res\TestUI.ico">
      <Filter>resource</Filter>
    </None>
    <None Include="..\Resources\Default.png">
      <Filter>resource</Filter>
    </None>
    <None Include="..\Resources\crop.png">
      <Filter>resource</Filter>
    </None>
    <None Include="..\Resources\farm.jpg">
      <Filter>resource</Filter>
    </None>
    <None Include="..\Resources\land.png">
      <Filter>resource</Filter>
    </None>
    <None Include="..\Resources\menu2.png">
      <Filter>resource</Filter>
    </None>
    <None Include="..\Resources\Icon.png">
      <Filter>resource</Filter>
    </None>
    <None Include="..\Resources\dog.png">
      <Filter>resource</Filter>
    </None>
    <None Include="..\Resources\hello.lua" />
    <None Include="..\Resources\hello2.lua" />
    <None Include="..\Resources\menu1.png">
      <Filter>resource</Filter>
    </None>
    <None Include="..\Resources\background.mp3" />
    <None Include="..\Resources\effect1.wav" />
    <None Include="..\Resources\fps_images.fnt" />
    <None Include="..\Resources\fps_images.png">
      <Filter>resource</Filter>
    </None>
  </ItemGroup>
  <ItemGroup>
    <ResourceCompile Include="TestUI.rc">
      <Filter>resource</Filter>
    </ResourceCompile>
  </ItemGroup>
  <ItemGroup>
    <ClInclude Include="resource.h">
      <Filter>include</Filter>
    </ClInclude>
    <ClInclude Include="main.h">
      <Filter>include</Filter>
    </ClInclude>
    <ClInclude Include="..\Classes\AppDelegate.h">
      <Filter>include</Filter>
    </ClInclude>
    <ClInclude Include="..\Classes\cocos2dx_support\LuaCocos2d.h">
      <Filter>include</Filter>
    </ClInclude>
    <ClInclude Include="..\Classes\cocos2dx_support\CCLuaEngine.h">
      <Filter>include</Filter>
    </ClInclude>
    <ClInclude Include="..\Classes\cocos2dx_support\Cocos2dxLuaLoader.h">
      <Filter>include</Filter>
    </ClInclude>
    <ClInclude Include="..\Classes\cocos2dx_support\tolua_fix.h">
      <Filter>include</Filter>
    </ClInclude>
    <ClInclude Include="TestLuaInterface.h">
      <Filter>source\LuaInterface</Filter>
    </ClInclude>
  </ItemGroup>
  <ItemGroup>
    <ClCompile Include="main.cpp">
      <Filter>source</Filter>
    </ClCompile>
    <ClCompile Include="..\Classes\AppDelegate.cpp">
      <Filter>source</Filter>
    </ClCompile>
    <ClCompile Include="..\Classes\cocos2dx_support\LuaCocos2d.cpp">
      <Filter>source</Filter>
    </ClCompile>
    <ClCompile Include="..\Classes\cocos2dx_support\CCLuaEngine.cpp">
      <Filter>source</Filter>
    </ClCompile>
    <ClCompile Include="..\Classes\cocos2dx_support\Cocos2dxLuaLoader.cpp">
      <Filter>source</Filter>
    </ClCompile>
    <ClCompile Include="..\Classes\cocos2dx_support\tolua_fix.c">
      <Filter>source</Filter>
    </ClCompile>
    <ClCompile Include="TestLuaInterface.cpp">
      <Filter>source\LuaInterface</Filter>
    </ClCompile>
  </ItemGroup>
</Project>